
Microsoft Visual Studio Solution File, Format Version 12.00
# Visual Studio 15
VisualStudioVersion = 15.0.26430.13
MinimumVisualStudioVersion = 10.0.40219.1
Project("{9A19103F-16F7-4668-BE54-9A1E7A4F7556}") = "CryptoSharp", "CryptoSharp\CryptoSharp.csproj", "{1CAE28A1-C350-46BD-B20A-E6EDE17D303A}"
EndProject
Project("{FAE04EC0-301F-11D3-BF4B-00C04F79EFBC}") = "CryptoSharp.Wpf", "CryptoSharp.Wpf\CryptoSharp.Wpf.csproj", "{689FB638-8488-4256-A0FB-30E7832A240B}"
EndProject
Project("{2150E333-8FDC-42A3-9474-1A3956D46DE8}") = "src", "src", "{CA3044FC-C8E3-4591-AEE1-CB59F23A1C1E}"
EndProject
Project("{2150E333-8FDC-42A3-9474-1A3956D46DE8}") = "test", "test", "{F9AFD245-9385-4019-8138-8C7BE363AC23}"
EndProject
Project("{FAE04EC0-301F-11D3-BF4B-00C04F79EFBC}") = "CryptoSharp.Tests46", "CryptoSharp.Tests46\CryptoSharp.Tests46.csproj", "{0438ABF3-46C5-46E8-84F2-7BB1FDB80AE7}"
EndProject
Global
	GlobalSection(SolutionConfigurationPlatforms) = preSolution
		Debug|Any CPU = Debug|Any CPU
		Release|Any CPU = Release|Any CPU
	EndGlobalSection
	GlobalSection(ProjectConfigurationPlatforms) = postSolution
		{1CAE28A1-C350-46BD-B20A-E6EDE17D303A}.Debug|Any CPU.ActiveCfg = Debug|Any CPU
		{1CAE28A1-C350-46BD-B20A-E6EDE17D303A}.Debug|Any CPU.Build.0 = Debug|Any CPU
		{1CAE28A1-C350-46BD-B20A-E6EDE17D303A}.Release|Any CPU.ActiveCfg = Release|Any CPU
		{1CAE28A1-C350-46BD-B20A-E6EDE17D303A}.Release|Any CPU.Build.0 = Release|Any CPU
		{689FB638-8488-4256-A0FB-30E7832A240B}.Debug|Any CPU.ActiveCfg = Debug|Any CPU
		{689FB638-8488-4256-A0FB-30E7832A240B}.Debug|Any CPU.Build.0 = Debug|Any CPU
		{689FB638-8488-4256-A0FB-30E7832A240B}.Release|Any CPU.ActiveCfg = Release|Any CPU
		{689FB638-8488-4256-A0FB-30E7832A240B}.Release|Any CPU.Build.0 = Release|Any CPU
		{0438ABF3-46C5-46E8-84F2-7BB1FDB80AE7}.Debug|Any CPU.ActiveCfg = Debug|Any CPU
		{0438ABF3-46C5-46E8-84F2-7BB1FDB80AE7}.Debug|Any CPU.Build.0 = Debug|Any CPU
		{0438ABF3-46C5-46E8-84F2-7BB1FDB80AE7}.Release|Any CPU.ActiveCfg = Release|Any CPU
		{0438ABF3-46C5-46E8-84F2-7BB1FDB80AE7}.Release|Any CPU.Build.0 = Release|Any CPU
	EndGlobalSection
	GlobalSection(SolutionProperties) = preSolution
		HideSolutionNode = FALSE
	EndGlobalSection
	GlobalSection(NestedProjects) = preSolution
		{1CAE28A1-C350-46BD-B20A-E6EDE17D303A} = {CA3044FC-C8E3-4591-AEE1-CB59F23A1C1E}
		{689FB638-8488-4256-A0FB-30E7832A240B} = {CA3044FC-C8E3-4591-AEE1-CB59F23A1C1E}
		{0438ABF3-46C5-46E8-84F2-7BB1FDB80AE7} = {F9AFD245-9385-4019-8138-8C7BE363AC23}
	EndGlobalSection
EndGlobal
